
Microsoft Visual Studio Solution File, Format Version 12.00
# Visual Studio 15
VisualStudioVersion = 15.0.27130.2010
MinimumVisualStudioVersion = 10.0.40219.1
Project("{8BC9CEB8-8B4A-11D0-8D11-00A0C91BC942}") = "FileSystem", "FileSystem-Windows\FileSystemDemo\FileSystemDemo.vcxproj", "{EF4A3188-CA93-45A2-AB52-7548669E3AA8}"
EndProject
Project("{8BC9CEB8-8B4A-11D0-8D11-00A0C91BC942}") = "MsgPassingComm", "CppCommWithFileXfer\MsgPassingComm\MsgPassingComm.vcxproj", "{6E58E051-CC07-4D7F-92A4-06A117A79CA7}"
EndProject
Project("{8BC9CEB8-8B4A-11D0-8D11-00A0C91BC942}") = "ServerPrototype", "ServerPrototype\ServerPrototype.vcxproj", "{FD4E1C9E-ECA7-49CD-A3CE-B9F99864B835}"
EndProject
Project("{8BC9CEB8-8B4A-11D0-8D11-00A0C91BC942}") = "Utilities", "CppCommWithFileXfer\Utilities\Utilities.vcxproj", "{462B43B2-8B13-4178-BF2A-903F76F1985C}"
EndProject
Project("{8BC9CEB8-8B4A-11D0-8D11-00A0C91BC942}") = "Message", "CppCommWithFileXfer\Message\Message.vcxproj", "{4133D528-AB6D-4CCD-AF37-67536F36154C}"
EndProject
Project("{8BC9CEB8-8B4A-11D0-8D11-00A0C91BC942}") = "Sockets", "CppCommWithFileXfer\Sockets\Sockets.vcxproj", "{CA3129B8-1BF4-44C9-B116-53EC72D0BCCB}"
EndProject
Project("{8BC9CEB8-8B4A-11D0-8D11-00A0C91BC942}") = "Translater", "Translater\Translater.vcxproj", "{6105617E-3D4C-4914-BA33-E3D053496BA3}"
EndProject
Project("{8BC9CEB8-8B4A-11D0-8D11-00A0C91BC942}") = "CommLibWrapper", "CommLibWrapper\CommLibWrapper.vcxproj", "{B1DB1846-C0FC-48EF-80E4-DC556E9240FA}"
EndProject
Project("{2150E333-8FDC-42A3-9474-1A3956D46DE8}") = "Solution Items", "Solution Items", "{D1EF5AAB-E0BC-4048-83FE-FD84FEBD28AC}"
	ProjectSection(SolutionItems) = preProject
		Build.txt = Build.txt
		Parts.txt = Parts.txt
	EndProjectSection
EndProject
Project("{8BC9CEB8-8B4A-11D0-8D11-00A0C91BC942}") = "Executive", "Executive\Executive.vcxproj", "{156E63D7-7D9C-4022-9750-3B9518FE07E9}"
EndProject
Project("{8BC9CEB8-8B4A-11D0-8D11-00A0C91BC942}") = "DepedencyAnalyser", "DepedencyAnalyser\DepedencyAnalyser.vcxproj", "{3078573D-5900-4419-A4EC-47C4340EB142}"
EndProject
Project("{8BC9CEB8-8B4A-11D0-8D11-00A0C91BC942}") = "DirExplorer-Naive", "DirectoryNavigator\DirExplorer-Naive\DirExplorer-Naive.vcxproj", "{8006BB01-EE84-43EA-9C98-4216A68F2530}"
EndProject
Project("{8BC9CEB8-8B4A-11D0-8D11-00A0C91BC942}") = "Display", "Display\Display.vcxproj", "{4D24D685-DB3A-4789-A993-5B4493D14DD1}"
EndProject
Project("{FAE04EC0-301F-11D3-BF4B-00C04F79EFBC}") = "WPF", "WPF\WPF.csproj", "{49025585-7792-47E9-99B6-56FC45A51EFD}"
EndProject
Project("{8BC9CEB8-8B4A-11D0-8D11-00A0C91BC942}") = "ConverterPackage", "ConverterPackage\ConverterPackage.vcxproj", "{993788F8-0BAA-41E4-A5B9-728967E93445}"
EndProject
Project("{8BC9CEB8-8B4A-11D0-8D11-00A0C91BC942}") = "Process", "Process\Process\Process.vcxproj", "{5E2548A1-C280-49E1-A2B6-55F4BA12B3F2}"
EndProject
Project("{8BC9CEB8-8B4A-11D0-8D11-00A0C91BC942}") = "Parser", "CppParser\CppParser\Parser\Parser.vcxproj", "{77BE9964-7862-4D05-AFF0-B42718AAE386}"
EndProject
Global
	GlobalSection(SolutionConfigurationPlatforms) = preSolution
		Debug|Any CPU = Debug|Any CPU
		Debug|x64 = Debug|x64
		Debug|x86 = Debug|x86
		Release|Any CPU = Release|Any CPU
		Release|x64 = Release|x64
		Release|x86 = Release|x86
	EndGlobalSection
	GlobalSection(ProjectConfigurationPlatforms) = postSolution
		{EF4A3188-CA93-45A2-AB52-7548669E3AA8}.Debug|Any CPU.ActiveCfg = Debug|Win32
		{EF4A3188-CA93-45A2-AB52-7548669E3AA8}.Debug|Any CPU.Build.0 = Debug|Win32
		{EF4A3188-CA93-45A2-AB52-7548669E3AA8}.Debug|x64.ActiveCfg = Debug|Win32
		{EF4A3188-CA93-45A2-AB52-7548669E3AA8}.Debug|x86.ActiveCfg = Debug|Win32
		{EF4A3188-CA93-45A2-AB52-7548669E3AA8}.Debug|x86.Build.0 = Debug|Win32
		{EF4A3188-CA93-45A2-AB52-7548669E3AA8}.Release|Any CPU.ActiveCfg = Release|Win32
		{EF4A3188-CA93-45A2-AB52-7548669E3AA8}.Release|x64.ActiveCfg = Release|Win32
		{EF4A3188-CA93-45A2-AB52-7548669E3AA8}.Release|x86.ActiveCfg = Release|Win32
		{EF4A3188-CA93-45A2-AB52-7548669E3AA8}.Release|x86.Build.0 = Release|Win32
		{6E58E051-CC07-4D7F-92A4-06A117A79CA7}.Debug|Any CPU.ActiveCfg = Debug|Win32
		{6E58E051-CC07-4D7F-92A4-06A117A79CA7}.Debug|Any CPU.Build.0 = Debug|Win32
		{6E58E051-CC07-4D7F-92A4-06A117A79CA7}.Debug|x64.ActiveCfg = Debug|Win32
		{6E58E051-CC07-4D7F-92A4-06A117A79CA7}.Debug|x64.Build.0 = Debug|Win32
		{6E58E051-CC07-4D7F-92A4-06A117A79CA7}.Debug|x86.ActiveCfg = Debug|Win32
		{6E58E051-CC07-4D7F-92A4-06A117A79CA7}.Debug|x86.Build.0 = Debug|Win32
		{6E58E051-CC07-4D7F-92A4-06A117A79CA7}.Release|Any CPU.ActiveCfg = Release|Win32
		{6E58E051-CC07-4D7F-92A4-06A117A79CA7}.Release|x64.ActiveCfg = Release|x64
		{6E58E051-CC07-4D7F-92A4-06A117A79CA7}.Release|x64.Build.0 = Release|x64
		{6E58E051-CC07-4D7F-92A4-06A117A79CA7}.Release|x86.ActiveCfg = Release|Win32
		{6E58E051-CC07-4D7F-92A4-06A117A79CA7}.Release|x86.Build.0 = Release|Win32
		{FD4E1C9E-ECA7-49CD-A3CE-B9F99864B835}.Debug|Any CPU.ActiveCfg = Debug|Win32
		{FD4E1C9E-ECA7-49CD-A3CE-B9F99864B835}.Debug|Any CPU.Build.0 = Debug|Win32
		{FD4E1C9E-ECA7-49CD-A3CE-B9F99864B835}.Debug|x64.ActiveCfg = Debug|Win32
		{FD4E1C9E-ECA7-49CD-A3CE-B9F99864B835}.Debug|x64.Build.0 = Debug|Win32
		{FD4E1C9E-ECA7-49CD-A3CE-B9F99864B835}.Debug|x86.ActiveCfg = Debug|Win32
		{FD4E1C9E-ECA7-49CD-A3CE-B9F99864B835}.Debug|x86.Build.0 = Debug|Win32
		{FD4E1C9E-ECA7-49CD-A3CE-B9F99864B835}.Release|Any CPU.ActiveCfg = Release|Win32
		{FD4E1C9E-ECA7-49CD-A3CE-B9F99864B835}.Release|x64.ActiveCfg = Release|x64
		{FD4E1C9E-ECA7-49CD-A3CE-B9F99864B835}.Release|x64.Build.0 = Release|x64
		{FD4E1C9E-ECA7-49CD-A3CE-B9F99864B835}.Release|x86.ActiveCfg = Release|Win32
		{FD4E1C9E-ECA7-49CD-A3CE-B9F99864B835}.Release|x86.Build.0 = Release|Win32
		{462B43B2-8B13-4178-BF2A-903F76F1985C}.Debug|Any CPU.ActiveCfg = Debug|Win32
		{462B43B2-8B13-4178-BF2A-903F76F1985C}.Debug|Any CPU.Build.0 = Debug|Win32
		{462B43B2-8B13-4178-BF2A-903F76F1985C}.Debug|x64.ActiveCfg = Debug|Win32
		{462B43B2-8B13-4178-BF2A-903F76F1985C}.Debug|x64.Build.0 = Debug|Win32
		{462B43B2-8B13-4178-BF2A-903F76F1985C}.Debug|x86.ActiveCfg = Debug|Win32
		{462B43B2-8B13-4178-BF2A-903F76F1985C}.Debug|x86.Build.0 = Debug|Win32
		{462B43B2-8B13-4178-BF2A-903F76F1985C}.Release|Any CPU.ActiveCfg = Release|Win32
		{462B43B2-8B13-4178-BF2A-903F76F1985C}.Release|x64.ActiveCfg = Release|x64
		{462B43B2-8B13-4178-BF2A-903F76F1985C}.Release|x64.Build.0 = Release|x64
		{462B43B2-8B13-4178-BF2A-903F76F1985C}.Release|x86.ActiveCfg = Release|Win32
		{462B43B2-8B13-4178-BF2A-903F76F1985C}.Release|x86.Build.0 = Release|Win32
		{4133D528-AB6D-4CCD-AF37-67536F36154C}.Debug|Any CPU.ActiveCfg = Debug|Win32
		{4133D528-AB6D-4CCD-AF37-67536F36154C}.Debug|Any CPU.Build.0 = Debug|Win32
		{4133D528-AB6D-4CCD-AF37-67536F36154C}.Debug|x64.ActiveCfg = Debug|Win32
		{4133D528-AB6D-4CCD-AF37-67536F36154C}.Debug|x64.Build.0 = Debug|Win32
		{4133D528-AB6D-4CCD-AF37-67536F36154C}.Debug|x86.ActiveCfg = Debug|Win32
		{4133D528-AB6D-4CCD-AF37-67536F36154C}.Debug|x86.Build.0 = Debug|Win32
		{4133D528-AB6D-4CCD-AF37-67536F36154C}.Release|Any CPU.ActiveCfg = Release|Win32
		{4133D528-AB6D-4CCD-AF37-67536F36154C}.Release|x64.ActiveCfg = Release|x64
		{4133D528-AB6D-4CCD-AF37-67536F36154C}.Release|x64.Build.0 = Release|x64
		{4133D528-AB6D-4CCD-AF37-67536F36154C}.Release|x86.ActiveCfg = Release|Win32
		{4133D528-AB6D-4CCD-AF37-67536F36154C}.Release|x86.Build.0 = Release|Win32
		{CA3129B8-1BF4-44C9-B116-53EC72D0BCCB}.Debug|Any CPU.ActiveCfg = Debug|Win32
		{CA3129B8-1BF4-44C9-B116-53EC72D0BCCB}.Debug|Any CPU.Build.0 = Debug|Win32
		{CA3129B8-1BF4-44C9-B116-53EC72D0BCCB}.Debug|x64.ActiveCfg = Debug|Win32
		{CA3129B8-1BF4-44C9-B116-53EC72D0BCCB}.Debug|x86.ActiveCfg = Debug|Win32
		{CA3129B8-1BF4-44C9-B116-53EC72D0BCCB}.Debug|x86.Build.0 = Debug|Win32
		{CA3129B8-1BF4-44C9-B116-53EC72D0BCCB}.Release|Any CPU.ActiveCfg = Release|Win32
		{CA3129B8-1BF4-44C9-B116-53EC72D0BCCB}.Release|x64.ActiveCfg = Release|Win32
		{CA3129B8-1BF4-44C9-B116-53EC72D0BCCB}.Release|x86.ActiveCfg = Release|Win32
		{CA3129B8-1BF4-44C9-B116-53EC72D0BCCB}.Release|x86.Build.0 = Release|Win32
		{6105617E-3D4C-4914-BA33-E3D053496BA3}.Debug|Any CPU.ActiveCfg = Debug|Win32
		{6105617E-3D4C-4914-BA33-E3D053496BA3}.Debug|Any CPU.Build.0 = Debug|Win32
		{6105617E-3D4C-4914-BA33-E3D053496BA3}.Debug|x64.ActiveCfg = Debug|Win32
		{6105617E-3D4C-4914-BA33-E3D053496BA3}.Debug|x64.Build.0 = Debug|Win32
		{6105617E-3D4C-4914-BA33-E3D053496BA3}.Debug|x86.ActiveCfg = Debug|Win32
		{6105617E-3D4C-4914-BA33-E3D053496BA3}.Debug|x86.Build.0 = Debug|Win32
		{6105617E-3D4C-4914-BA33-E3D053496BA3}.Release|Any CPU.ActiveCfg = Release|Win32
		{6105617E-3D4C-4914-BA33-E3D053496BA3}.Release|x64.ActiveCfg = Release|x64
		{6105617E-3D4C-4914-BA33-E3D053496BA3}.Release|x64.Build.0 = Release|x64
		{6105617E-3D4C-4914-BA33-E3D053496BA3}.Release|x86.ActiveCfg = Release|Win32
		{6105617E-3D4C-4914-BA33-E3D053496BA3}.Release|x86.Build.0 = Release|Win32
		{B1DB1846-C0FC-48EF-80E4-DC556E9240FA}.Debug|Any CPU.ActiveCfg = Debug|Win32
		{B1DB1846-C0FC-48EF-80E4-DC556E9240FA}.Debug|Any CPU.Build.0 = Debug|Win32
		{B1DB1846-C0FC-48EF-80E4-DC556E9240FA}.Debug|x64.ActiveCfg = Debug|Win32
		{B1DB1846-C0FC-48EF-80E4-DC556E9240FA}.Debug|x64.Build.0 = Debug|Win32
		{B1DB1846-C0FC-48EF-80E4-DC556E9240FA}.Debug|x86.ActiveCfg = Debug|Win32
		{B1DB1846-C0FC-48EF-80E4-DC556E9240FA}.Debug|x86.Build.0 = Debug|Win32
		{B1DB1846-C0FC-48EF-80E4-DC556E9240FA}.Release|Any CPU.ActiveCfg = Release|Win32
		{B1DB1846-C0FC-48EF-80E4-DC556E9240FA}.Release|x64.ActiveCfg = Release|x64
		{B1DB1846-C0FC-48EF-80E4-DC556E9240FA}.Release|x64.Build.0 = Release|x64
		{B1DB1846-C0FC-48EF-80E4-DC556E9240FA}.Release|x86.ActiveCfg = Release|Win32
		{B1DB1846-C0FC-48EF-80E4-DC556E9240FA}.Release|x86.Build.0 = Release|Win32
		{156E63D7-7D9C-4022-9750-3B9518FE07E9}.Debug|Any CPU.ActiveCfg = Debug|Win32
		{156E63D7-7D9C-4022-9750-3B9518FE07E9}.Debug|Any CPU.Build.0 = Debug|Win32
		{156E63D7-7D9C-4022-9750-3B9518FE07E9}.Debug|x64.ActiveCfg = Debug|Win32
		{156E63D7-7D9C-4022-9750-3B9518FE07E9}.Debug|x64.Build.0 = Debug|Win32
		{156E63D7-7D9C-4022-9750-3B9518FE07E9}.Debug|x86.ActiveCfg = Debug|Win32
		{156E63D7-7D9C-4022-9750-3B9518FE07E9}.Debug|x86.Build.0 = Debug|Win32
		{156E63D7-7D9C-4022-9750-3B9518FE07E9}.Release|Any CPU.ActiveCfg = Release|Win32
		{156E63D7-7D9C-4022-9750-3B9518FE07E9}.Release|x64.ActiveCfg = Release|x64
		{156E63D7-7D9C-4022-9750-3B9518FE07E9}.Release|x64.Build.0 = Release|x64
		{156E63D7-7D9C-4022-9750-3B9518FE07E9}.Release|x86.ActiveCfg = Release|Win32
		{156E63D7-7D9C-4022-9750-3B9518FE07E9}.Release|x86.Build.0 = Release|Win32
		{3078573D-5900-4419-A4EC-47C4340EB142}.Debug|Any CPU.ActiveCfg = Debug|Win32
		{3078573D-5900-4419-A4EC-47C4340EB142}.Debug|Any CPU.Build.0 = Debug|Win32
		{3078573D-5900-4419-A4EC-47C4340EB142}.Debug|x64.ActiveCfg = Debug|Win32
		{3078573D-5900-4419-A4EC-47C4340EB142}.Debug|x64.Build.0 = Debug|Win32
		{3078573D-5900-4419-A4EC-47C4340EB142}.Debug|x86.ActiveCfg = Debug|Win32
		{3078573D-5900-4419-A4EC-47C4340EB142}.Debug|x86.Build.0 = Debug|Win32
		{3078573D-5900-4419-A4EC-47C4340EB142}.Release|Any CPU.ActiveCfg = Release|Win32
		{3078573D-5900-4419-A4EC-47C4340EB142}.Release|x64.ActiveCfg = Release|x64
		{3078573D-5900-4419-A4EC-47C4340EB142}.Release|x64.Build.0 = Release|x64
		{3078573D-5900-4419-A4EC-47C4340EB142}.Release|x86.ActiveCfg = Release|Win32
		{3078573D-5900-4419-A4EC-47C4340EB142}.Release|x86.Build.0 = Release|Win32
		{8006BB01-EE84-43EA-9C98-4216A68F2530}.Debug|Any CPU.ActiveCfg = Debug|Win32
		{8006BB01-EE84-43EA-9C98-4216A68F2530}.Debug|Any CPU.Build.0 = Debug|Win32
		{8006BB01-EE84-43EA-9C98-4216A68F2530}.Debug|x64.ActiveCfg = Debug|Win32
		{8006BB01-EE84-43EA-9C98-4216A68F2530}.Debug|x64.Build.0 = Debug|Win32
		{8006BB01-EE84-43EA-9C98-4216A68F2530}.Debug|x86.ActiveCfg = Debug|Win32
		{8006BB01-EE84-43EA-9C98-4216A68F2530}.Debug|x86.Build.0 = Debug|Win32
		{8006BB01-EE84-43EA-9C98-4216A68F2530}.Release|Any CPU.ActiveCfg = Release|Win32
		{8006BB01-EE84-43EA-9C98-4216A68F2530}.Release|x64.ActiveCfg = Release|x64
		{8006BB01-EE84-43EA-9C98-4216A68F2530}.Release|x64.Build.0 = Release|x64
		{8006BB01-EE84-43EA-9C98-4216A68F2530}.Release|x86.ActiveCfg = Release|Win32
		{8006BB01-EE84-43EA-9C98-4216A68F2530}.Release|x86.Build.0 = Release|Win32
		{4D24D685-DB3A-4789-A993-5B4493D14DD1}.Debug|Any CPU.ActiveCfg = Debug|Win32
		{4D24D685-DB3A-4789-A993-5B4493D14DD1}.Debug|Any CPU.Build.0 = Debug|Win32
		{4D24D685-DB3A-4789-A993-5B4493D14DD1}.Debug|x64.ActiveCfg = Debug|Win32
		{4D24D685-DB3A-4789-A993-5B4493D14DD1}.Debug|x64.Build.0 = Debug|Win32
		{4D24D685-DB3A-4789-A993-5B4493D14DD1}.Debug|x86.ActiveCfg = Debug|Win32
		{4D24D685-DB3A-4789-A993-5B4493D14DD1}.Debug|x86.Build.0 = Debug|Win32
		{4D24D685-DB3A-4789-A993-5B4493D14DD1}.Release|Any CPU.ActiveCfg = Release|Win32
		{4D24D685-DB3A-4789-A993-5B4493D14DD1}.Release|x64.ActiveCfg = Release|x64
		{4D24D685-DB3A-4789-A993-5B4493D14DD1}.Release|x64.Build.0 = Release|x64
		{4D24D685-DB3A-4789-A993-5B4493D14DD1}.Release|x86.ActiveCfg = Release|Win32
		{4D24D685-DB3A-4789-A993-5B4493D14DD1}.Release|x86.Build.0 = Release|Win32
		{49025585-7792-47E9-99B6-56FC45A51EFD}.Debug|Any CPU.ActiveCfg = Debug|Any CPU
		{49025585-7792-47E9-99B6-56FC45A51EFD}.Debug|Any CPU.Build.0 = Debug|Any CPU
		{49025585-7792-47E9-99B6-56FC45A51EFD}.Debug|x64.ActiveCfg = Debug|Any CPU
		{49025585-7792-47E9-99B6-56FC45A51EFD}.Debug|x64.Build.0 = Debug|Any CPU
		{49025585-7792-47E9-99B6-56FC45A51EFD}.Debug|x86.ActiveCfg = Debug|Any CPU
		{49025585-7792-47E9-99B6-56FC45A51EFD}.Debug|x86.Build.0 = Debug|Any CPU
		{49025585-7792-47E9-99B6-56FC45A51EFD}.Release|Any CPU.ActiveCfg = Release|Any CPU
		{49025585-7792-47E9-99B6-56FC45A51EFD}.Release|Any CPU.Build.0 = Release|Any CPU
		{49025585-7792-47E9-99B6-56FC45A51EFD}.Release|x64.ActiveCfg = Release|x64
		{49025585-7792-47E9-99B6-56FC45A51EFD}.Release|x64.Build.0 = Release|x64
		{49025585-7792-47E9-99B6-56FC45A51EFD}.Release|x86.ActiveCfg = Release|x86
		{49025585-7792-47E9-99B6-56FC45A51EFD}.Release|x86.Build.0 = Release|x86
		{993788F8-0BAA-41E4-A5B9-728967E93445}.Debug|Any CPU.ActiveCfg = Debug|Win32
		{993788F8-0BAA-41E4-A5B9-728967E93445}.Debug|Any CPU.Build.0 = Debug|Win32
		{993788F8-0BAA-41E4-A5B9-728967E93445}.Debug|x64.ActiveCfg = Debug|Win32
		{993788F8-0BAA-41E4-A5B9-728967E93445}.Debug|x64.Build.0 = Debug|Win32
		{993788F8-0BAA-41E4-A5B9-728967E93445}.Debug|x86.ActiveCfg = Debug|Win32
		{993788F8-0BAA-41E4-A5B9-728967E93445}.Debug|x86.Build.0 = Debug|Win32
		{993788F8-0BAA-41E4-A5B9-728967E93445}.Release|Any CPU.ActiveCfg = Release|Win32
		{993788F8-0BAA-41E4-A5B9-728967E93445}.Release|x64.ActiveCfg = Release|x64
		{993788F8-0BAA-41E4-A5B9-728967E93445}.Release|x64.Build.0 = Release|x64
		{993788F8-0BAA-41E4-A5B9-728967E93445}.Release|x86.ActiveCfg = Release|Win32
		{993788F8-0BAA-41E4-A5B9-728967E93445}.Release|x86.Build.0 = Release|Win32
		{5E2548A1-C280-49E1-A2B6-55F4BA12B3F2}.Debug|Any CPU.ActiveCfg = Debug|Win32
		{5E2548A1-C280-49E1-A2B6-55F4BA12B3F2}.Debug|Any CPU.Build.0 = Debug|Win32
		{5E2548A1-C280-49E1-A2B6-55F4BA12B3F2}.Debug|x64.ActiveCfg = Debug|Win32
		{5E2548A1-C280-49E1-A2B6-55F4BA12B3F2}.Debug|x64.Build.0 = Debug|Win32
		{5E2548A1-C280-49E1-A2B6-55F4BA12B3F2}.Debug|x86.ActiveCfg = Debug|Win32
		{5E2548A1-C280-49E1-A2B6-55F4BA12B3F2}.Debug|x86.Build.0 = Debug|Win32
		{5E2548A1-C280-49E1-A2B6-55F4BA12B3F2}.Release|Any CPU.ActiveCfg = Release|Win32
		{5E2548A1-C280-49E1-A2B6-55F4BA12B3F2}.Release|x64.ActiveCfg = Release|x64
		{5E2548A1-C280-49E1-A2B6-55F4BA12B3F2}.Release|x64.Build.0 = Release|x64
		{5E2548A1-C280-49E1-A2B6-55F4BA12B3F2}.Release|x86.ActiveCfg = Release|Win32
		{5E2548A1-C280-49E1-A2B6-55F4BA12B3F2}.Release|x86.Build.0 = Release|Win32
		{77BE9964-7862-4D05-AFF0-B42718AAE386}.Debug|Any CPU.ActiveCfg = Debug|Win32
		{77BE9964-7862-4D05-AFF0-B42718AAE386}.Debug|Any CPU.Build.0 = Debug|Win32
		{77BE9964-7862-4D05-AFF0-B42718AAE386}.Debug|x64.ActiveCfg = Debug|Win32
		{77BE9964-7862-4D05-AFF0-B42718AAE386}.Debug|x64.Build.0 = Debug|Win32
		{77BE9964-7862-4D05-AFF0-B42718AAE386}.Debug|x86.ActiveCfg = Debug|Win32
		{77BE9964-7862-4D05-AFF0-B42718AAE386}.Debug|x86.Build.0 = Debug|Win32
		{77BE9964-7862-4D05-AFF0-B42718AAE386}.Release|Any CPU.ActiveCfg = Release|Win32
		{77BE9964-7862-4D05-AFF0-B42718AAE386}.Release|x64.ActiveCfg = Release|x64
		{77BE9964-7862-4D05-AFF0-B42718AAE386}.Release|x64.Build.0 = Release|x64
		{77BE9964-7862-4D05-AFF0-B42718AAE386}.Release|x86.ActiveCfg = Release|Win32
		{77BE9964-7862-4D05-AFF0-B42718AAE386}.Release|x86.Build.0 = Release|Win32
	EndGlobalSection
	GlobalSection(SolutionProperties) = preSolution
		HideSolutionNode = FALSE
	EndGlobalSection
	GlobalSection(ExtensibilityGlobals) = postSolution
		SolutionGuid = {D6E296E3-1CFC-4F9A-B4A1-261670E13E2C}
	EndGlobalSection
EndGlobal
